// !$*UTF8*$!
{
	archiveVersion = 1;
	classes = {
	};
	objectVersion = 50;
	objects = {

/* Begin PBXBuildFile section */
		0472C7B623150A9600BF12AD /* shaders.metal in Sources */ = {isa = PBXBuildFile; fileRef = 0472C7B523150A9600BF12AD /* shaders.metal */; };
		0472C7BC2316602700BF12AD /* ZHMetal2ViewController.m in Sources */ = {isa = PBXBuildFile; fileRef = 0472C7BA2316602700BF12AD /* ZHMetal2ViewController.m */; };
		0472C7BD2316602700BF12AD /* ZHMetal2ViewController.xib in Resources */ = {isa = PBXBuildFile; fileRef = 0472C7BB2316602700BF12AD /* ZHMetal2ViewController.xib */; };
		047C49F923010B19005D9B50 /* ZHTransformViewController.m in Sources */ = {isa = PBXBuildFile; fileRef = 047C49F823010B19005D9B50 /* ZHTransformViewController.m */; };
		047C49FB230112BD005D9B50 /* ZHTransformViewController.xib in Resources */ = {isa = PBXBuildFile; fileRef = 047C49FA230112BD005D9B50 /* ZHTransformViewController.xib */; };
		047C49FF23011821005D9B50 /* ZHViewController.m in Sources */ = {isa = PBXBuildFile; fileRef = 047C49FD23011821005D9B50 /* ZHViewController.m */; };
		047C4A0023011821005D9B50 /* ZHViewController.xib in Resources */ = {isa = PBXBuildFile; fileRef = 047C49FE23011821005D9B50 /* ZHViewController.xib */; };
		047C4A0323024DA9005D9B50 /* ZHMetalOpenGLESViewController.m in Sources */ = {isa = PBXBuildFile; fileRef = 047C4A0223024DA9005D9B50 /* ZHMetalOpenGLESViewController.m */; };
		047C4A08230296B6005D9B50 /* ZHMetalManager.m in Sources */ = {isa = PBXBuildFile; fileRef = 047C4A07230296B6005D9B50 /* ZHMetalManager.m */; };
		047C4A0A23029E6C005D9B50 /* metalfile.metal in Sources */ = {isa = PBXBuildFile; fileRef = 047C4A0923029E6C005D9B50 /* metalfile.metal */; };
		047C4A0E230688A4005D9B50 /* ZHMediator.m in Sources */ = {isa = PBXBuildFile; fileRef = 047C4A0D230688A4005D9B50 /* ZHMediator.m */; };
		047C4A112306A501005D9B50 /* ZHMediator+ZHDetail.m in Sources */ = {isa = PBXBuildFile; fileRef = 047C4A102306A501005D9B50 /* ZHMediator+ZHDetail.m */; };
		047C4A14230B9476005D9B50 /* ZHAnimationView.m in Sources */ = {isa = PBXBuildFile; fileRef = 047C4A13230B9476005D9B50 /* ZHAnimationView.m */; };
		04B9CADB22EFF2FF00B5B104 /* AppDelegate.m in Sources */ = {isa = PBXBuildFile; fileRef = 04B9CADA22EFF2FF00B5B104 /* AppDelegate.m */; };
		04B9CADE22EFF2FF00B5B104 /* ViewController.m in Sources */ = {isa = PBXBuildFile; fileRef = 04B9CADD22EFF2FF00B5B104 /* ViewController.m */; };
		04B9CAE122EFF2FF00B5B104 /* Main.storyboard in Resources */ = {isa = PBXBuildFile; fileRef = 04B9CADF22EFF2FF00B5B104 /* Main.storyboard */; };
		04B9CAE322EFF30300B5B104 /* Assets.xcassets in Resources */ = {isa = PBXBuildFile; fileRef = 04B9CAE222EFF30300B5B104 /* Assets.xcassets */; };
		04B9CAE622EFF30300B5B104 /* LaunchScreen.storyboard in Resources */ = {isa = PBXBuildFile; fileRef = 04B9CAE422EFF30300B5B104 /* LaunchScreen.storyboard */; };
		04B9CAE922EFF30300B5B104 /* main.m in Sources */ = {isa = PBXBuildFile; fileRef = 04B9CAE822EFF30300B5B104 /* main.m */; };
		04B9CAF322EFF30300B5B104 /* FZHBlockLinkTests.m in Sources */ = {isa = PBXBuildFile; fileRef = 04B9CAF222EFF30300B5B104 /* FZHBlockLinkTests.m */; };
		04B9CAFE22EFF30300B5B104 /* FZHBlockLinkUITests.m in Sources */ = {isa = PBXBuildFile; fileRef = 04B9CAFD22EFF30300B5B104 /* FZHBlockLinkUITests.m */; };
		04B9CB1122EFF38300B5B104 /* ZHBlock.m in Sources */ = {isa = PBXBuildFile; fileRef = 04B9CB1022EFF38300B5B104 /* ZHBlock.m */; };
		04B9CB1422F010B300B5B104 /* ZHBlockChain.m in Sources */ = {isa = PBXBuildFile; fileRef = 04B9CB1322F010B300B5B104 /* ZHBlockChain.m */; };
		04B9CB1A22F2DE0300B5B104 /* ZHCellchangeViewController.m in Sources */ = {isa = PBXBuildFile; fileRef = 04B9CB1922F2DE0300B5B104 /* ZHCellchangeViewController.m */; };
		04C28E70230FCE7900DA3F5A /* ZHMetalView.m in Sources */ = {isa = PBXBuildFile; fileRef = 04C28E6F230FCE7900DA3F5A /* ZHMetalView.m */; };
		04D88B64232733E4004E2A60 /* AVPlay in Resources */ = {isa = PBXBuildFile; fileRef = 04D88B63232733E4004E2A60 /* AVPlay */; };
		04EBD9C5231E5EA600F3CE28 /* UIViewController+DCURLRouter.m in Sources */ = {isa = PBXBuildFile; fileRef = 04EBD9BD231E5EA600F3CE28 /* UIViewController+DCURLRouter.m */; };
		04EBD9C6231E5EA600F3CE28 /* DCURLRouter.m in Sources */ = {isa = PBXBuildFile; fileRef = 04EBD9BF231E5EA600F3CE28 /* DCURLRouter.m */; };
		04EBD9C7231E5EA600F3CE28 /* UIViewController+ReverseValue.m in Sources */ = {isa = PBXBuildFile; fileRef = 04EBD9C1231E5EA600F3CE28 /* UIViewController+ReverseValue.m */; };
		04EBD9C8231E5EA600F3CE28 /* DCURLNavgation.m in Sources */ = {isa = PBXBuildFile; fileRef = 04EBD9C4231E5EA600F3CE28 /* DCURLNavgation.m */; };
		04EBD9CB231E5F1800F3CE28 /* DCURLRouter.plist in Resources */ = {isa = PBXBuildFile; fileRef = 04EBD9CA231E5F1800F3CE28 /* DCURLRouter.plist */; };
/* End PBXBuildFile section */

/* Begin PBXContainerItemProxy section */
		04B9CAEF22EFF30300B5B104 /* PBXContainerItemProxy */ = {
			isa = PBXContainerItemProxy;
			containerPortal = 04B9CACE22EFF2FF00B5B104 /* Project object */;
			proxyType = 1;
			remoteGlobalIDString = 04B9CAD522EFF2FF00B5B104;
			remoteInfo = FZHBlockLink;
		};
		04B9CAFA22EFF30300B5B104 /* PBXContainerItemProxy */ = {
			isa = PBXContainerItemProxy;
			containerPortal = 04B9CACE22EFF2FF00B5B104 /* Project object */;
			proxyType = 1;
			remoteGlobalIDString = 04B9CAD522EFF2FF00B5B104;
			remoteInfo = FZHBlockLink;
		};
/* End PBXContainerItemProxy section */

/* Begin PBXFileReference section */
		0472C7B523150A9600BF12AD /* shaders.metal */ = {isa = PBXFileReference; lastKnownFileType = sourcecode.metal; path = shaders.metal; sourceTree = "<group>"; };
		0472C7B7231511C700BF12AD /* LYShaderTypes.h */ = {isa = PBXFileReference; lastKnownFileType = sourcecode.c.h; path = LYShaderTypes.h; sourceTree = "<group>"; };
		0472C7B92316602700BF12AD /* ZHMetal2ViewController.h */ = {isa = PBXFileReference; lastKnownFileType = sourcecode.c.h; path = ZHMetal2ViewController.h; sourceTree = "<group>"; };
		0472C7BA2316602700BF12AD /* ZHMetal2ViewController.m */ = {isa = PBXFileReference; lastKnownFileType = sourcecode.c.objc; path = ZHMetal2ViewController.m; sourceTree = "<group>"; };
		0472C7BB2316602700BF12AD /* ZHMetal2ViewController.xib */ = {isa = PBXFileReference; lastKnownFileType = file.xib; path = ZHMetal2ViewController.xib; sourceTree = "<group>"; };
		047C49F723010B19005D9B50 /* ZHTransformViewController.h */ = {isa = PBXFileReference; lastKnownFileType = sourcecode.c.h; path = ZHTransformViewController.h; sourceTree = "<group>"; };
		047C49F823010B19005D9B50 /* ZHTransformViewController.m */ = {isa = PBXFileReference; lastKnownFileType = sourcecode.c.objc; path = ZHTransformViewController.m; sourceTree = "<group>"; };
		047C49FA230112BD005D9B50 /* ZHTransformViewController.xib */ = {isa = PBXFileReference; lastKnownFileType = file.xib; path = ZHTransformViewController.xib; sourceTree = "<group>"; };
		047C49FC23011821005D9B50 /* ZHViewController.h */ = {isa = PBXFileReference; lastKnownFileType = sourcecode.c.h; path = ZHViewController.h; sourceTree = "<group>"; };
		047C49FD23011821005D9B50 /* ZHViewController.m */ = {isa = PBXFileReference; lastKnownFileType = sourcecode.c.objc; path = ZHViewController.m; sourceTree = "<group>"; };
		047C49FE23011821005D9B50 /* ZHViewController.xib */ = {isa = PBXFileReference; lastKnownFileType = file.xib; path = ZHViewController.xib; sourceTree = "<group>"; };
		047C4A0123024DA9005D9B50 /* ZHMetalOpenGLESViewController.h */ = {isa = PBXFileReference; lastKnownFileType = sourcecode.c.h; path = ZHMetalOpenGLESViewController.h; sourceTree = "<group>"; };
		047C4A0223024DA9005D9B50 /* ZHMetalOpenGLESViewController.m */ = {isa = PBXFileReference; lastKnownFileType = sourcecode.c.objc; path = ZHMetalOpenGLESViewController.m; sourceTree = "<group>"; };
		047C4A06230296B6005D9B50 /* ZHMetalManager.h */ = {isa = PBXFileReference; lastKnownFileType = sourcecode.c.h; path = ZHMetalManager.h; sourceTree = "<group>"; };
		047C4A07230296B6005D9B50 /* ZHMetalManager.m */ = {isa = PBXFileReference; lastKnownFileType = sourcecode.c.objc; path = ZHMetalManager.m; sourceTree = "<group>"; };
		047C4A0923029E6C005D9B50 /* metalfile.metal */ = {isa = PBXFileReference; lastKnownFileType = sourcecode.metal; path = metalfile.metal; sourceTree = "<group>"; };
		047C4A0C230688A4005D9B50 /* ZHMediator.h */ = {isa = PBXFileReference; lastKnownFileType = sourcecode.c.h; path = ZHMediator.h; sourceTree = "<group>"; };
		047C4A0D230688A4005D9B50 /* ZHMediator.m */ = {isa = PBXFileReference; lastKnownFileType = sourcecode.c.objc; path = ZHMediator.m; sourceTree = "<group>"; };
		047C4A0F2306A501005D9B50 /* ZHMediator+ZHDetail.h */ = {isa = PBXFileReference; lastKnownFileType = sourcecode.c.h; path = "ZHMediator+ZHDetail.h"; sourceTree = "<group>"; };
		047C4A102306A501005D9B50 /* ZHMediator+ZHDetail.m */ = {isa = PBXFileReference; lastKnownFileType = sourcecode.c.objc; path = "ZHMediator+ZHDetail.m"; sourceTree = "<group>"; };
		047C4A12230B9476005D9B50 /* ZHAnimationView.h */ = {isa = PBXFileReference; lastKnownFileType = sourcecode.c.h; path = ZHAnimationView.h; sourceTree = "<group>"; };
		047C4A13230B9476005D9B50 /* ZHAnimationView.m */ = {isa = PBXFileReference; lastKnownFileType = sourcecode.c.objc; path = ZHAnimationView.m; sourceTree = "<group>"; };
		04B9CAD622EFF2FF00B5B104 /* FZHBlockLink.app */ = {isa = PBXFileReference; explicitFileType = wrapper.application; includeInIndex = 0; path = FZHBlockLink.app; sourceTree = BUILT_PRODUCTS_DIR; };
		04B9CAD922EFF2FF00B5B104 /* AppDelegate.h */ = {isa = PBXFileReference; lastKnownFileType = sourcecode.c.h; path = AppDelegate.h; sourceTree = "<group>"; };
		04B9CADA22EFF2FF00B5B104 /* AppDelegate.m */ = {isa = PBXFileReference; lastKnownFileType = sourcecode.c.objc; path = AppDelegate.m; sourceTree = "<group>"; };
		04B9CADC22EFF2FF00B5B104 /* ViewController.h */ = {isa = PBXFileReference; lastKnownFileType = sourcecode.c.h; path = ViewController.h; sourceTree = "<group>"; };
		04B9CADD22EFF2FF00B5B104 /* ViewController.m */ = {isa = PBXFileReference; lastKnownFileType = sourcecode.c.objc; path = ViewController.m; sourceTree = "<group>"; };
		04B9CAE022EFF2FF00B5B104 /* Base */ = {isa = PBXFileReference; lastKnownFileType = file.storyboard; name = Base; path = Base.lproj/Main.storyboard; sourceTree = "<group>"; };
		04B9CAE222EFF30300B5B104 /* Assets.xcassets */ = {isa = PBXFileReference; lastKnownFileType = folder.assetcatalog; path = Assets.xcassets; sourceTree = "<group>"; };
		04B9CAE522EFF30300B5B104 /* Base */ = {isa = PBXFileReference; lastKnownFileType = file.storyboard; name = Base; path = Base.lproj/LaunchScreen.storyboard; sourceTree = "<group>"; };
		04B9CAE722EFF30300B5B104 /* Info.plist */ = {isa = PBXFileReference; lastKnownFileType = text.plist.xml; path = Info.plist; sourceTree = "<group>"; };
		04B9CAE822EFF30300B5B104 /* main.m */ = {isa = PBXFileReference; lastKnownFileType = sourcecode.c.objc; path = main.m; sourceTree = "<group>"; };
		04B9CAEE22EFF30300B5B104 /* FZHBlockLinkTests.xctest */ = {isa = PBXFileReference; explicitFileType = wrapper.cfbundle; includeInIndex = 0; path = FZHBlockLinkTests.xctest; sourceTree = BUILT_PRODUCTS_DIR; };
		04B9CAF222EFF30300B5B104 /* FZHBlockLinkTests.m */ = {isa = PBXFileReference; lastKnownFileType = sourcecode.c.objc; path = FZHBlockLinkTests.m; sourceTree = "<group>"; };
		04B9CAF422EFF30300B5B104 /* Info.plist */ = {isa = PBXFileReference; lastKnownFileType = text.plist.xml; path = Info.plist; sourceTree = "<group>"; };
		04B9CAF922EFF30300B5B104 /* FZHBlockLinkUITests.xctest */ = {isa = PBXFileReference; explicitFileType = wrapper.cfbundle; includeInIndex = 0; path = FZHBlockLinkUITests.xctest; sourceTree = BUILT_PRODUCTS_DIR; };
		04B9CAFD22EFF30300B5B104 /* FZHBlockLinkUITests.m */ = {isa = PBXFileReference; lastKnownFileType = sourcecode.c.objc; path = FZHBlockLinkUITests.m; sourceTree = "<group>"; };
		04B9CAFF22EFF30300B5B104 /* Info.plist */ = {isa = PBXFileReference; lastKnownFileType = text.plist.xml; path = Info.plist; sourceTree = "<group>"; };
		04B9CB0F22EFF38300B5B104 /* ZHBlock.h */ = {isa = PBXFileReference; lastKnownFileType = sourcecode.c.h; path = ZHBlock.h; sourceTree = "<group>"; };
		04B9CB1022EFF38300B5B104 /* ZHBlock.m */ = {isa = PBXFileReference; lastKnownFileType = sourcecode.c.objc; path = ZHBlock.m; sourceTree = "<group>"; };
		04B9CB1222F010B300B5B104 /* ZHBlockChain.h */ = {isa = PBXFileReference; lastKnownFileType = sourcecode.c.h; path = ZHBlockChain.h; sourceTree = "<group>"; };
		04B9CB1322F010B300B5B104 /* ZHBlockChain.m */ = {isa = PBXFileReference; lastKnownFileType = sourcecode.c.objc; path = ZHBlockChain.m; sourceTree = "<group>"; };
		04B9CB1822F2DE0300B5B104 /* ZHCellchangeViewController.h */ = {isa = PBXFileReference; lastKnownFileType = sourcecode.c.h; path = ZHCellchangeViewController.h; sourceTree = "<group>"; };
		04B9CB1922F2DE0300B5B104 /* ZHCellchangeViewController.m */ = {isa = PBXFileReference; lastKnownFileType = sourcecode.c.objc; path = ZHCellchangeViewController.m; sourceTree = "<group>"; };
		04C28E6E230FCE7900DA3F5A /* ZHMetalView.h */ = {isa = PBXFileReference; lastKnownFileType = sourcecode.c.h; path = ZHMetalView.h; sourceTree = "<group>"; };
		04C28E6F230FCE7900DA3F5A /* ZHMetalView.m */ = {isa = PBXFileReference; lastKnownFileType = sourcecode.c.objc; path = ZHMetalView.m; sourceTree = "<group>"; };
		04D88B63232733E4004E2A60 /* AVPlay */ = {isa = PBXFileReference; lastKnownFileType = text; path = AVPlay; sourceTree = "<group>"; };
		04EBD9BC231E5EA600F3CE28 /* UIViewController+ReverseValue.h */ = {isa = PBXFileReference; fileEncoding = 4; lastKnownFileType = sourcecode.c.h; path = "UIViewController+ReverseValue.h"; sourceTree = "<group>"; };
		04EBD9BD231E5EA600F3CE28 /* UIViewController+DCURLRouter.m */ = {isa = PBXFileReference; fileEncoding = 4; lastKnownFileType = sourcecode.c.objc; path = "UIViewController+DCURLRouter.m"; sourceTree = "<group>"; };
		04EBD9BE231E5EA600F3CE28 /* DCURLNavgation.h */ = {isa = PBXFileReference; fileEncoding = 4; lastKnownFileType = sourcecode.c.h; path = DCURLNavgation.h; sourceTree = "<group>"; };
		04EBD9BF231E5EA600F3CE28 /* DCURLRouter.m */ = {isa = PBXFileReference; fileEncoding = 4; lastKnownFileType = sourcecode.c.objc; path = DCURLRouter.m; sourceTree = "<group>"; };
		04EBD9C0231E5EA600F3CE28 /* DCSingleton.h */ = {isa = PBXFileReference; fileEncoding = 4; lastKnownFileType = sourcecode.c.h; path = DCSingleton.h; sourceTree = "<group>"; };
		04EBD9C1231E5EA600F3CE28 /* UIViewController+ReverseValue.m */ = {isa = PBXFileReference; fileEncoding = 4; lastKnownFileType = sourcecode.c.objc; path = "UIViewController+ReverseValue.m"; sourceTree = "<group>"; };
		04EBD9C2231E5EA600F3CE28 /* UIViewController+DCURLRouter.h */ = {isa = PBXFileReference; fileEncoding = 4; lastKnownFileType = sourcecode.c.h; path = "UIViewController+DCURLRouter.h"; sourceTree = "<group>"; };
		04EBD9C3231E5EA600F3CE28 /* DCURLRouter.h */ = {isa = PBXFileReference; fileEncoding = 4; lastKnownFileType = sourcecode.c.h; path = DCURLRouter.h; sourceTree = "<group>"; };
		04EBD9C4231E5EA600F3CE28 /* DCURLNavgation.m */ = {isa = PBXFileReference; fileEncoding = 4; lastKnownFileType = sourcecode.c.objc; path = DCURLNavgation.m; sourceTree = "<group>"; };
		04EBD9CA231E5F1800F3CE28 /* DCURLRouter.plist */ = {isa = PBXFileReference; lastKnownFileType = text.plist.xml; path = DCURLRouter.plist; sourceTree = "<group>"; };
		04EBD9CC231E617E00F3CE28 /* PrefixHeader.pch */ = {isa = PBXFileReference; lastKnownFileType = sourcecode.c.h; path = PrefixHeader.pch; sourceTree = "<group>"; };
		04EBD9CD231E626E00F3CE28 /* Const.h */ = {isa = PBXFileReference; lastKnownFileType = sourcecode.c.h; path = Const.h; sourceTree = "<group>"; };
/* End PBXFileReference section */

/* Begin PBXFrameworksBuildPhase section */
		04B9CAD322EFF2FF00B5B104 /* Frameworks */ = {
			isa = PBXFrameworksBuildPhase;
			buildActionMask = 2147483647;
			files = (
			);
			runOnlyForDeploymentPostprocessing = 0;
		};
		04B9CAEB22EFF30300B5B104 /* Frameworks */ = {
			isa = PBXFrameworksBuildPhase;
			buildActionMask = 2147483647;
			files = (
			);
			runOnlyForDeploymentPostprocessing = 0;
		};
		04B9CAF622EFF30300B5B104 /* Frameworks */ = {
			isa = PBXFrameworksBuildPhase;
			buildActionMask = 2147483647;
			files = (
			);
			runOnlyForDeploymentPostprocessing = 0;
		};
/* End PBXFrameworksBuildPhase section */

/* Begin PBXGroup section */
		0472C7B823165FD800BF12AD /* Metal */ = {
			isa = PBXGroup;
			children = (
				047C4A0123024DA9005D9B50 /* ZHMetalOpenGLESViewController.h */,
				047C4A0223024DA9005D9B50 /* ZHMetalOpenGLESViewController.m */,
				0472C7B92316602700BF12AD /* ZHMetal2ViewController.h */,
				0472C7BA2316602700BF12AD /* ZHMetal2ViewController.m */,
				0472C7BB2316602700BF12AD /* ZHMetal2ViewController.xib */,
			);
			path = Metal;
			sourceTree = "<group>";
		};
		047C4A04230251CE005D9B50 /* Other */ = {
			isa = PBXGroup;
			children = (
				04EBD9C9231E5EF100F3CE28 /* File */,
				04EBD9BB231E5EA600F3CE28 /* DCURLRouter */,
				047C4A0923029E6C005D9B50 /* metalfile.metal */,
				0472C7B523150A9600BF12AD /* shaders.metal */,
				0472C7B7231511C700BF12AD /* LYShaderTypes.h */,
			);
			path = Other;
			sourceTree = "<group>";
		};
		047C4A052302969B005D9B50 /* Metal */ = {
			isa = PBXGroup;
			children = (
				047C4A06230296B6005D9B50 /* ZHMetalManager.h */,
				047C4A07230296B6005D9B50 /* ZHMetalManager.m */,
			);
			path = Metal;
			sourceTree = "<group>";
		};
		047C4A0B2306886A005D9B50 /* 中间件 */ = {
			isa = PBXGroup;
			children = (
				047C4A0C230688A4005D9B50 /* ZHMediator.h */,
				047C4A0D230688A4005D9B50 /* ZHMediator.m */,
				047C4A0F2306A501005D9B50 /* ZHMediator+ZHDetail.h */,
				047C4A102306A501005D9B50 /* ZHMediator+ZHDetail.m */,
			);
			path = "中间件";
			sourceTree = "<group>";
		};
		04B9CACD22EFF2FF00B5B104 = {
			isa = PBXGroup;
			children = (
				04B9CAD822EFF2FF00B5B104 /* FZHBlockLink */,
				04B9CAF122EFF30300B5B104 /* FZHBlockLinkTests */,
				04B9CAFC22EFF30300B5B104 /* FZHBlockLinkUITests */,
				04B9CAD722EFF2FF00B5B104 /* Products */,
			);
			sourceTree = "<group>";
		};
		04B9CAD722EFF2FF00B5B104 /* Products */ = {
			isa = PBXGroup;
			children = (
				04B9CAD622EFF2FF00B5B104 /* FZHBlockLink.app */,
				04B9CAEE22EFF30300B5B104 /* FZHBlockLinkTests.xctest */,
				04B9CAF922EFF30300B5B104 /* FZHBlockLinkUITests.xctest */,
			);
			name = Products;
			sourceTree = "<group>";
		};
		04B9CAD822EFF2FF00B5B104 /* FZHBlockLink */ = {
			isa = PBXGroup;
			children = (
				04D88B62232733A3004E2A60 /* 原理 */,
				04B9CB0B22EFF34D00B5B104 /* Class */,
				04B9CAD922EFF2FF00B5B104 /* AppDelegate.h */,
				04B9CADA22EFF2FF00B5B104 /* AppDelegate.m */,
				04B9CADC22EFF2FF00B5B104 /* ViewController.h */,
				04B9CADD22EFF2FF00B5B104 /* ViewController.m */,
				04B9CADF22EFF2FF00B5B104 /* Main.storyboard */,
				04B9CAE222EFF30300B5B104 /* Assets.xcassets */,
				04B9CAE422EFF30300B5B104 /* LaunchScreen.storyboard */,
				04B9CAE722EFF30300B5B104 /* Info.plist */,
				04B9CAE822EFF30300B5B104 /* main.m */,
			);
			path = FZHBlockLink;
			sourceTree = "<group>";
		};
		04B9CAF122EFF30300B5B104 /* FZHBlockLinkTests */ = {
			isa = PBXGroup;
			children = (
				04B9CAF222EFF30300B5B104 /* FZHBlockLinkTests.m */,
				04B9CAF422EFF30300B5B104 /* Info.plist */,
			);
			path = FZHBlockLinkTests;
			sourceTree = "<group>";
		};
		04B9CAFC22EFF30300B5B104 /* FZHBlockLinkUITests */ = {
			isa = PBXGroup;
			children = (
				04B9CAFD22EFF30300B5B104 /* FZHBlockLinkUITests.m */,
				04B9CAFF22EFF30300B5B104 /* Info.plist */,
			);
			path = FZHBlockLinkUITests;
			sourceTree = "<group>";
		};
		04B9CB0B22EFF34D00B5B104 /* Class */ = {
			isa = PBXGroup;
			children = (
				047C4A04230251CE005D9B50 /* Other */,
				04B9CB0E22EFF36900B5B104 /* View */,
				04B9CB0D22EFF36100B5B104 /* Model */,
				04B9CB0C22EFF35A00B5B104 /* VC */,
			);
			path = Class;
			sourceTree = "<group>";
		};
		04B9CB0C22EFF35A00B5B104 /* VC */ = {
			isa = PBXGroup;
			children = (
				0472C7B823165FD800BF12AD /* Metal */,
				04B9CB1822F2DE0300B5B104 /* ZHCellchangeViewController.h */,
				04B9CB1922F2DE0300B5B104 /* ZHCellchangeViewController.m */,
				047C49F723010B19005D9B50 /* ZHTransformViewController.h */,
				047C49F823010B19005D9B50 /* ZHTransformViewController.m */,
				047C49FA230112BD005D9B50 /* ZHTransformViewController.xib */,
				047C49FC23011821005D9B50 /* ZHViewController.h */,
				047C49FD23011821005D9B50 /* ZHViewController.m */,
				047C49FE23011821005D9B50 /* ZHViewController.xib */,
			);
			path = VC;
			sourceTree = "<group>";
		};
		04B9CB0D22EFF36100B5B104 /* Model */ = {
			isa = PBXGroup;
			children = (
				047C4A0B2306886A005D9B50 /* 中间件 */,
				047C4A052302969B005D9B50 /* Metal */,
				04B9CB0F22EFF38300B5B104 /* ZHBlock.h */,
				04B9CB1022EFF38300B5B104 /* ZHBlock.m */,
				04B9CB1222F010B300B5B104 /* ZHBlockChain.h */,
				04B9CB1322F010B300B5B104 /* ZHBlockChain.m */,
			);
			path = Model;
			sourceTree = "<group>";
		};
		04B9CB0E22EFF36900B5B104 /* View */ = {
			isa = PBXGroup;
			children = (
				04C28E6D230FCE5000DA3F5A /* Metal */,
				047C4A12230B9476005D9B50 /* ZHAnimationView.h */,
				047C4A13230B9476005D9B50 /* ZHAnimationView.m */,
			);
			path = View;
			sourceTree = "<group>";
		};
		04C28E6D230FCE5000DA3F5A /* Metal */ = {
			isa = PBXGroup;
			children = (
				04C28E6E230FCE7900DA3F5A /* ZHMetalView.h */,
				04C28E6F230FCE7900DA3F5A /* ZHMetalView.m */,
			);
			path = Metal;
			sourceTree = "<group>";
		};
		04D88B62232733A3004E2A60 /* 原理 */ = {
			isa = PBXGroup;
			children = (
				04D88B63232733E4004E2A60 /* AVPlay */,
			);
			path = "原理";
			sourceTree = "<group>";
		};
		04EBD9BB231E5EA600F3CE28 /* DCURLRouter */ = {
			isa = PBXGroup;
			children = (
				04EBD9BC231E5EA600F3CE28 /* UIViewController+ReverseValue.h */,
				04EBD9BD231E5EA600F3CE28 /* UIViewController+DCURLRouter.m */,
				04EBD9BE231E5EA600F3CE28 /* DCURLNavgation.h */,
				04EBD9BF231E5EA600F3CE28 /* DCURLRouter.m */,
				04EBD9C0231E5EA600F3CE28 /* DCSingleton.h */,
				04EBD9C1231E5EA600F3CE28 /* UIViewController+ReverseValue.m */,
				04EBD9C2231E5EA600F3CE28 /* UIViewController+DCURLRouter.h */,
				04EBD9C3231E5EA600F3CE28 /* DCURLRouter.h */,
				04EBD9C4231E5EA600F3CE28 /* DCURLNavgation.m */,
			);
			path = DCURLRouter;
			sourceTree = "<group>";
		};
		04EBD9C9231E5EF100F3CE28 /* File */ = {
			isa = PBXGroup;
			children = (
				04EBD9CA231E5F1800F3CE28 /* DCURLRouter.plist */,
				04EBD9CC231E617E00F3CE28 /* PrefixHeader.pch */,
				04EBD9CD231E626E00F3CE28 /* Const.h */,
			);
			path = File;
			sourceTree = "<group>";
		};
/* End PBXGroup section */

/* Begin PBXNativeTarget section */
		04B9CAD522EFF2FF00B5B104 /* FZHBlockLink */ = {
			isa = PBXNativeTarget;
			buildConfigurationList = 04B9CB0222EFF30300B5B104 /* Build configuration list for PBXNativeTarget "FZHBlockLink" */;
			buildPhases = (
				04B9CAD222EFF2FF00B5B104 /* Sources */,
				04B9CAD322EFF2FF00B5B104 /* Frameworks */,
				04B9CAD422EFF2FF00B5B104 /* Resources */,
			);
			buildRules = (
			);
			dependencies = (
			);
			name = FZHBlockLink;
			productName = FZHBlockLink;
			productReference = 04B9CAD622EFF2FF00B5B104 /* FZHBlockLink.app */;
			productType = "com.apple.product-type.application";
		};
		04B9CAED22EFF30300B5B104 /* FZHBlockLinkTests */ = {
			isa = PBXNativeTarget;
			buildConfigurationList = 04B9CB0522EFF30300B5B104 /* Build configuration list for PBXNativeTarget "FZHBlockLinkTests" */;
			buildPhases = (
				04B9CAEA22EFF30300B5B104 /* Sources */,
				04B9CAEB22EFF30300B5B104 /* Frameworks */,
				04B9CAEC22EFF30300B5B104 /* Resources */,
			);
			buildRules = (
			);
			dependencies = (
				04B9CAF022EFF30300B5B104 /* PBXTargetDependency */,
			);
			name = FZHBlockLinkTests;
			productName = FZHBlockLinkTests;
			productReference = 04B9CAEE22EFF30300B5B104 /* FZHBlockLinkTests.xctest */;
			productType = "com.apple.product-type.bundle.unit-test";
		};
		04B9CAF822EFF30300B5B104 /* FZHBlockLinkUITests */ = {
			isa = PBXNativeTarget;
			buildConfigurationList = 04B9CB0822EFF30300B5B104 /* Build configuration list for PBXNativeTarget "FZHBlockLinkUITests" */;
			buildPhases = (
				04B9CAF522EFF30300B5B104 /* Sources */,
				04B9CAF622EFF30300B5B104 /* Frameworks */,
				04B9CAF722EFF30300B5B104 /* Resources */,
			);
			buildRules = (
			);
			dependencies = (
				04B9CAFB22EFF30300B5B104 /* PBXTargetDependency */,
			);
			name = FZHBlockLinkUITests;
			productName = FZHBlockLinkUITests;
			productReference = 04B9CAF922EFF30300B5B104 /* FZHBlockLinkUITests.xctest */;
			productType = "com.apple.product-type.bundle.ui-testing";
		};
/* End PBXNativeTarget section */

/* Begin PBXProject section */
		04B9CACE22EFF2FF00B5B104 /* Project object */ = {
			isa = PBXProject;
			attributes = {
				CLASSPREFIX = ZH;
				LastUpgradeCheck = 1010;
				ORGANIZATIONNAME = FZH;
				TargetAttributes = {
					04B9CAD522EFF2FF00B5B104 = {
						CreatedOnToolsVersion = 10.1;
					};
					04B9CAED22EFF30300B5B104 = {
						CreatedOnToolsVersion = 10.1;
						TestTargetID = 04B9CAD522EFF2FF00B5B104;
					};
					04B9CAF822EFF30300B5B104 = {
						CreatedOnToolsVersion = 10.1;
						TestTargetID = 04B9CAD522EFF2FF00B5B104;
					};
				};
			};
			buildConfigurationList = 04B9CAD122EFF2FF00B5B104 /* Build configuration list for PBXProject "FZHBlockLink" */;
			compatibilityVersion = "Xcode 9.3";
			developmentRegion = en;
			hasScannedForEncodings = 0;
			knownRegions = (
				en,
				Base,
			);
			mainGroup = 04B9CACD22EFF2FF00B5B104;
			productRefGroup = 04B9CAD722EFF2FF00B5B104 /* Products */;
			projectDirPath = "";
			projectRoot = "";
			targets = (
				04B9CAD522EFF2FF00B5B104 /* FZHBlockLink */,
				04B9CAED22EFF30300B5B104 /* FZHBlockLinkTests */,
				04B9CAF822EFF30300B5B104 /* FZHBlockLinkUITests */,
			);
		};
/* End PBXProject section */

/* Begin PBXResourcesBuildPhase section */
		04B9CAD422EFF2FF00B5B104 /* Resources */ = {
			isa = PBXResourcesBuildPhase;
			buildActionMask = 2147483647;
			files = (
				04B9CAE622EFF30300B5B104 /* LaunchScreen.storyboard in Resources */,
				0472C7BD2316602700BF12AD /* ZHMetal2ViewController.xib in Resources */,
				04B9CAE322EFF30300B5B104 /* Assets.xcassets in Resources */,
				04D88B64232733E4004E2A60 /* AVPlay in Resources */,
				047C4A0023011821005D9B50 /* ZHViewController.xib in Resources */,
				04B9CAE122EFF2FF00B5B104 /* Main.storyboard in Resources */,
				047C49FB230112BD005D9B50 /* ZHTransformViewController.xib in Resources */,
				04EBD9CB231E5F1800F3CE28 /* DCURLRouter.plist in Resources */,
			);
			runOnlyForDeploymentPostprocessing = 0;
		};
		04B9CAEC22EFF30300B5B104 /* Resources */ = {
			isa = PBXResourcesBuildPhase;
			buildActionMask = 2147483647;
			files = (
			);
			runOnlyForDeploymentPostprocessing = 0;
		};
		04B9CAF722EFF30300B5B104 /* Resources */ = {
			isa = PBXResourcesBuildPhase;
			buildActionMask = 2147483647;
			files = (
			);
			runOnlyForDeploymentPostprocessing = 0;
		};
/* End PBXResourcesBuildPhase section */

/* Begin PBXSourcesBuildPhase section */
		04B9CAD222EFF2FF00B5B104 /* Sources */ = {
			isa = PBXSourcesBuildPhase;
			buildActionMask = 2147483647;
			files = (
				047C49F923010B19005D9B50 /* ZHTransformViewController.m in Sources */,
				04EBD9C8231E5EA600F3CE28 /* DCURLNavgation.m in Sources */,
				047C4A08230296B6005D9B50 /* ZHMetalManager.m in Sources */,
				04EBD9C6231E5EA600F3CE28 /* DCURLRouter.m in Sources */,
				04EBD9C5231E5EA600F3CE28 /* UIViewController+DCURLRouter.m in Sources */,
				047C4A112306A501005D9B50 /* ZHMediator+ZHDetail.m in Sources */,
				04B9CB1A22F2DE0300B5B104 /* ZHCellchangeViewController.m in Sources */,
				04B9CADE22EFF2FF00B5B104 /* ViewController.m in Sources */,
				04B9CB1122EFF38300B5B104 /* ZHBlock.m in Sources */,
				04B9CAE922EFF30300B5B104 /* main.m in Sources */,
				047C4A0E230688A4005D9B50 /* ZHMediator.m in Sources */,
				0472C7B623150A9600BF12AD /* shaders.metal in Sources */,
				04EBD9C7231E5EA600F3CE28 /* UIViewController+ReverseValue.m in Sources */,
				04C28E70230FCE7900DA3F5A /* ZHMetalView.m in Sources */,
				047C4A0A23029E6C005D9B50 /* metalfile.metal in Sources */,
				0472C7BC2316602700BF12AD /* ZHMetal2ViewController.m in Sources */,
				04B9CB1422F010B300B5B104 /* ZHBlockChain.m in Sources */,
				047C49FF23011821005D9B50 /* ZHViewController.m in Sources */,
				047C4A14230B9476005D9B50 /* ZHAnimationView.m in Sources */,
				04B9CADB22EFF2FF00B5B104 /* AppDelegate.m in Sources */,
				047C4A0323024DA9005D9B50 /* ZHMetalOpenGLESViewController.m in Sources */,
			);
			runOnlyForDeploymentPostprocessing = 0;
		};
		04B9CAEA22EFF30300B5B104 /* Sources */ = {
			isa = PBXSourcesBuildPhase;
			buildActionMask = 2147483647;
			files = (
				04B9CAF322EFF30300B5B104 /* FZHBlockLinkTests.m in Sources */,
			);
			runOnlyForDeploymentPostprocessing = 0;
		};
		04B9CAF522EFF30300B5B104 /* Sources */ = {
			isa = PBXSourcesBuildPhase;
			buildActionMask = 2147483647;
			files = (
				04B9CAFE22EFF30300B5B104 /* FZHBlockLinkUITests.m in Sources */,
			);
			runOnlyForDeploymentPostprocessing = 0;
		};
/* End PBXSourcesBuildPhase section */

/* Begin PBXTargetDependency section */
		04B9CAF022EFF30300B5B104 /* PBXTargetDependency */ = {
			isa = PBXTargetDependency;
			target = 04B9CAD522EFF2FF00B5B104 /* FZHBlockLink */;
			targetProxy = 04B9CAEF22EFF30300B5B104 /* PBXContainerItemProxy */;
		};
		04B9CAFB22EFF30300B5B104 /* PBXTargetDependency */ = {
			isa = PBXTargetDependency;
			target = 04B9CAD522EFF2FF00B5B104 /* FZHBlockLink */;
			targetProxy = 04B9CAFA22EFF30300B5B104 /* PBXContainerItemProxy */;
		};
/* End PBXTargetDependency section */

/* Begin PBXVariantGroup section */
		04B9CADF22EFF2FF00B5B104 /* Main.storyboard */ = {
			isa = PBXVariantGroup;
			children = (
				04B9CAE022EFF2FF00B5B104 /* Base */,
			);
			name = Main.storyboard;
			sourceTree = "<group>";
		};
		04B9CAE422EFF30300B5B104 /* LaunchScreen.storyboard */ = {
			isa = PBXVariantGroup;
			children = (
				04B9CAE522EFF30300B5B104 /* Base */,
			);
			name = LaunchScreen.storyboard;
			sourceTree = "<group>";
		};
/* End PBXVariantGroup section */

/* Begin XCBuildConfiguration section */
		04B9CB0022EFF30300B5B104 /* Debug */ = {
			isa = XCBuildConfiguration;
			buildSettings = {
				ALWAYS_SEARCH_USER_PATHS = NO;
				CLANG_ANALYZER_NONNULL = YES;
				CLANG_ANALYZER_NUMBER_OBJECT_CONVERSION = YES_AGGRESSIVE;
				CLANG_CXX_LANGUAGE_STANDARD = "gnu++14";
				CLANG_CXX_LIBRARY = "libc++";
				CLANG_ENABLE_MODULES = YES;
				CLANG_ENABLE_OBJC_ARC = YES;
				CLANG_ENABLE_OBJC_WEAK = YES;
				CLANG_WARN_BLOCK_CAPTURE_AUTORELEASING = YES;
				CLANG_WARN_BOOL_CONVERSION = YES;
				CLANG_WARN_COMMA = YES;
				CLANG_WARN_CONSTANT_CONVERSION = YES;
				CLANG_WARN_DEPRECATED_OBJC_IMPLEMENTATIONS = YES;
				CLANG_WARN_DIRECT_OBJC_ISA_USAGE = YES_ERROR;
				CLANG_WARN_DOCUMENTATION_COMMENTS = YES;
				CLANG_WARN_EMPTY_BODY = YES;
				CLANG_WARN_ENUM_CONVERSION = YES;
				CLANG_WARN_INFINITE_RECURSION = YES;
				CLANG_WARN_INT_CONVERSION = YES;
				CLANG_WARN_NON_LITERAL_NULL_CONVERSION = YES;
				CLANG_WARN_OBJC_IMPLICIT_RETAIN_SELF = YES;
				CLANG_WARN_OBJC_LITERAL_CONVERSION = YES;
				CLANG_WARN_OBJC_ROOT_CLASS = YES_ERROR;
				CLANG_WARN_RANGE_LOOP_ANALYSIS = YES;
				CLANG_WARN_STRICT_PROTOTYPES = YES;
				CLANG_WARN_SUSPICIOUS_MOVE = YES;
				CLANG_WARN_UNGUARDED_AVAILABILITY = YES_AGGRESSIVE;
				CLANG_WARN_UNREACHABLE_CODE = YES;
				CLANG_WARN__DUPLICATE_METHOD_MATCH = YES;
				CODE_SIGN_IDENTITY = "iPhone Developer";
				COPY_PHASE_STRIP = NO;
				DEBUG_INFORMATION_FORMAT = dwarf;
				ENABLE_STRICT_OBJC_MSGSEND = YES;
				ENABLE_TESTABILITY = YES;
				GCC_C_LANGUAGE_STANDARD = gnu11;
				GCC_DYNAMIC_NO_PIC = NO;
				GCC_NO_COMMON_BLOCKS = YES;
				GCC_OPTIMIZATION_LEVEL = 0;
				GCC_PREPROCESSOR_DEFINITIONS = (
					"DEBUG=1",
					"$(inherited)",
				);
				GCC_WARN_64_TO_32_BIT_CONVERSION = YES;
				GCC_WARN_ABOUT_RETURN_TYPE = YES_ERROR;
				GCC_WARN_UNDECLARED_SELECTOR = YES;
				GCC_WARN_UNINITIALIZED_AUTOS = YES_AGGRESSIVE;
				GCC_WARN_UNUSED_FUNCTION = YES;
				GCC_WARN_UNUSED_VARIABLE = YES;
				IPHONEOS_DEPLOYMENT_TARGET = 12.1;
				MTL_ENABLE_DEBUG_INFO = INCLUDE_SOURCE;
				MTL_FAST_MATH = YES;
				ONLY_ACTIVE_ARCH = YES;
				SDKROOT = iphoneos;
			};
			name = Debug;
		};
		04B9CB0122EFF30300B5B104 /* Release */ = {
			isa = XCBuildConfiguration;
			buildSettings = {
				ALWAYS_SEARCH_USER_PATHS = NO;
				CLANG_ANALYZER_NONNULL = YES;
				CLANG_ANALYZER_NUMBER_OBJECT_CONVERSION = YES_AGGRESSIVE;
				CLANG_CXX_LANGUAGE_STANDARD = "gnu++14";
				CLANG_CXX_LIBRARY = "libc++";
				CLANG_ENABLE_MODULES = YES;
				CLANG_ENABLE_OBJC_ARC = YES;
				CLANG_ENABLE_OBJC_WEAK = YES;
				CLANG_WARN_BLOCK_CAPTURE_AUTORELEASING = YES;
				CLANG_WARN_BOOL_CONVERSION = YES;
				CLANG_WARN_COMMA = YES;
				CLANG_WARN_CONSTANT_CONVERSION = YES;
				CLANG_WARN_DEPRECATED_OBJC_IMPLEMENTATIONS = YES;
				CLANG_WARN_DIRECT_OBJC_ISA_USAGE = YES_ERROR;
				CLANG_WARN_DOCUMENTATION_COMMENTS = YES;
				CLANG_WARN_EMPTY_BODY = YES;
				CLANG_WARN_ENUM_CONVERSION = YES;
				CLANG_WARN_INFINITE_RECURSION = YES;
				CLANG_WARN_INT_CONVERSION = YES;
				CLANG_WARN_NON_LITERAL_NULL_CONVERSION = YES;
				CLANG_WARN_OBJC_IMPLICIT_RETAIN_SELF = YES;
				CLANG_WARN_OBJC_LITERAL_CONVERSION = YES;
				CLANG_WARN_OBJC_ROOT_CLASS = YES_ERROR;
				CLANG_WARN_RANGE_LOOP_ANALYSIS = YES;
				CLANG_WARN_STRICT_PROTOTYPES = YES;
				CLANG_WARN_SUSPICIOUS_MOVE = YES;
				CLANG_WARN_UNGUARDED_AVAILABILITY = YES_AGGRESSIVE;
				CLANG_WARN_UNREACHABLE_CODE = YES;
				CLANG_WARN__DUPLICATE_METHOD_MATCH = YES;
				CODE_SIGN_IDENTITY = "iPhone Developer";
				COPY_PHASE_STRIP = NO;
				DEBUG_INFORMATION_FORMAT = "dwarf-with-dsym";
				ENABLE_NS_ASSERTIONS = NO;
				ENABLE_STRICT_OBJC_MSGSEND = YES;
				GCC_C_LANGUAGE_STANDARD = gnu11;
				GCC_NO_COMMON_BLOCKS = YES;
				GCC_WARN_64_TO_32_BIT_CONVERSION = YES;
				GCC_WARN_ABOUT_RETURN_TYPE = YES_ERROR;
				GCC_WARN_UNDECLARED_SELECTOR = YES;
				GCC_WARN_UNINITIALIZED_AUTOS = YES_AGGRESSIVE;
				GCC_WARN_UNUSED_FUNCTION = YES;
				GCC_WARN_UNUSED_VARIABLE = YES;
				IPHONEOS_DEPLOYMENT_TARGET = 12.1;
				MTL_ENABLE_DEBUG_INFO = NO;
				MTL_FAST_MATH = YES;
				SDKROOT = iphoneos;
				VALIDATE_PRODUCT = YES;
			};
			name = Release;
		};
		04B9CB0322EFF30300B5B104 /* Debug */ = {
			isa = XCBuildConfiguration;
			buildSettings = {
				ASSETCATALOG_COMPILER_APPICON_NAME = AppIcon;
				CODE_SIGN_STYLE = Automatic;
				DEVELOPMENT_TEAM = 6NG4KGA3LC;
				GCC_PREFIX_HEADER = "$(SRCROOT)/FZHBlockLink/Class/Other/File/PrefixHeader.pch";
				INFOPLIST_FILE = FZHBlockLink/Info.plist;
				LD_RUNPATH_SEARCH_PATHS = (
					"$(inherited)",
					"@executable_path/Frameworks",
				);
				PRODUCT_BUNDLE_IDENTIFIER = com.fzh.FZHBlockLink;
				PRODUCT_NAME = "$(TARGET_NAME)";
				TARGETED_DEVICE_FAMILY = "1,2";
			};
			name = Debug;
		};
		04B9CB0422EFF30300B5B104 /* Release */ = {
			isa = XCBuildConfiguration;
			buildSettings = {
				ASSETCATALOG_COMPILER_APPICON_NAME = AppIcon;
				CODE_SIGN_STYLE = Automatic;
				DEVELOPMENT_TEAM = 6NG4KGA3LC;
				GCC_PREFIX_HEADER = "$(SRCROOT)/FZHBlockLink/Class/Other/File/PrefixHeader.pch";
				INFOPLIST_FILE = FZHBlockLink/Info.plist;
				LD_RUNPATH_SEARCH_PATHS = (
					"$(inherited)",
					"@executable_path/Frameworks",
				);
				PRODUCT_BUNDLE_IDENTIFIER = com.fzh.FZHBlockLink;
				PRODUCT_NAME = "$(TARGET_NAME)";
				TARGETED_DEVICE_FAMILY = "1,2";
			};
			name = Release;
		};
		04B9CB0622EFF30300B5B104 /* Debug */ = {
			isa = XCBuildConfiguration;
			buildSettings = {
				BUNDLE_LOADER = "$(TEST_HOST)";
				CODE_SIGN_STYLE = Automatic;
				INFOPLIST_FILE = FZHBlockLinkTests/Info.plist;
				LD_RUNPATH_SEARCH_PATHS = (
					"$(inherited)",
					"@executable_path/Frameworks",
					"@loader_path/Frameworks",
				);
				PRODUCT_BUNDLE_IDENTIFIER = com.fzh.FZHBlockLinkTests;
				PRODUCT_NAME = "$(TARGET_NAME)";
				TARGETED_DEVICE_FAMILY = "1,2";
				TEST_HOST = "$(BUILT_PRODUCTS_DIR)/FZHBlockLink.app/FZHBlockLink";
			};
			name = Debug;
		};
		04B9CB0722EFF30300B5B104 /* Release */ = {
			isa = XCBuildConfiguration;
			buildSettings = {
				BUNDLE_LOADER = "$(TEST_HOST)";
				CODE_SIGN_STYLE = Automatic;
				INFOPLIST_FILE = FZHBlockLinkTests/Info.plist;
				LD_RUNPATH_SEARCH_PATHS = (
					"$(inherited)",
					"@executable_path/Frameworks",
					"@loader_path/Frameworks",
				);
				PRODUCT_BUNDLE_IDENTIFIER = com.fzh.FZHBlockLinkTests;
				PRODUCT_NAME = "$(TARGET_NAME)";
				TARGETED_DEVICE_FAMILY = "1,2";
				TEST_HOST = "$(BUILT_PRODUCTS_DIR)/FZHBlockLink.app/FZHBlockLink";
			};
			name = Release;
		};
		04B9CB0922EFF30300B5B104 /* Debug */ = {
			isa = XCBuildConfiguration;
			buildSettings = {
				CODE_SIGN_STYLE = Automatic;
				INFOPLIST_FILE = FZHBlockLinkUITests/Info.plist;
				LD_RUNPATH_SEARCH_PATHS = (
					"$(inherited)",
					"@executable_path/Frameworks",
					"@loader_path/Frameworks",
				);
				PRODUCT_BUNDLE_IDENTIFIER = com.fzh.FZHBlockLinkUITests;
				PRODUCT_NAME = "$(TARGET_NAME)";
				TARGETED_DEVICE_FAMILY = "1,2";
				TEST_TARGET_NAME = FZHBlockLink;
			};
			name = Debug;
		};
		04B9CB0A22EFF30300B5B104 /* Release */ = {
			isa = XCBuildConfiguration;
			buildSettings = {
				CODE_SIGN_STYLE = Automatic;
				INFOPLIST_FILE = FZHBlockLinkUITests/Info.plist;
				LD_RUNPATH_SEARCH_PATHS = (
					"$(inherited)",
					"@executable_path/Frameworks",
					"@loader_path/Frameworks",
				);
				PRODUCT_BUNDLE_IDENTIFIER = com.fzh.FZHBlockLinkUITests;
				PRODUCT_NAME = "$(TARGET_NAME)";
				TARGETED_DEVICE_FAMILY = "1,2";
				TEST_TARGET_NAME = FZHBlockLink;
			};
			name = Release;
		};
/* End XCBuildConfiguration section */

/* Begin XCConfigurationList section */
		04B9CAD122EFF2FF00B5B104 /* Build configuration list for PBXProject "FZHBlockLink" */ = {
			isa = XCConfigurationList;
			buildConfigurations = (
				04B9CB0022EFF30300B5B104 /* Debug */,
				04B9CB0122EFF30300B5B104 /* Release */,
			);
			defaultConfigurationIsVisible = 0;
			defaultConfigurationName = Release;
		};
		04B9CB0222EFF30300B5B104 /* Build configuration list for PBXNativeTarget "FZHBlockLink" */ = {
			isa = XCConfigurationList;
			buildConfigurations = (
				04B9CB0322EFF30300B5B104 /* Debug */,
				04B9CB0422EFF30300B5B104 /* Release */,
			);
			defaultConfigurationIsVisible = 0;
			defaultConfigurationName = Release;
		};
		04B9CB0522EFF30300B5B104 /* Build configuration list for PBXNativeTarget "FZHBlockLinkTests" */ = {
			isa = XCConfigurationList;
			buildConfigurations = (
				04B9CB0622EFF30300B5B104 /* Debug */,
				04B9CB0722EFF30300B5B104 /* Release */,
			);
			defaultConfigurationIsVisible = 0;
			defaultConfigurationName = Release;
		};
		04B9CB0822EFF30300B5B104 /* Build configuration list for PBXNativeTarget "FZHBlockLinkUITests" */ = {
			isa = XCConfigurationList;
			buildConfigurations = (
				04B9CB0922EFF30300B5B104 /* Debug */,
				04B9CB0A22EFF30300B5B104 /* Release */,
			);
			defaultConfigurationIsVisible = 0;
			defaultConfigurationName = Release;
		};
/* End XCConfigurationList section */
	};
	rootObject = 04B9CACE22EFF2FF00B5B104 /* Project object */;
}
